
Microsoft Visual Studio Solution File, Format Version 12.00
# Visual Studio Version 17
VisualStudioVersion = 17.7.34024.191
MinimumVisualStudioVersion = 10.0.40219.1
Project("{FAE04EC0-301F-11D3-BF4B-00C04F79EFBC}") = "SK_Airlines_App", "SK_Airlines_App.csproj", "{9565D728-60D4-47D9-A80E-0394969AED33}"
EndProject
Global
	GlobalSection(SolutionConfigurationPlatforms) = preSolution
		Debug|Any CPU = Debug|Any CPU
		Release|Any CPU = Release|Any CPU
	EndGlobalSection
	GlobalSection(ProjectConfigurationPlatforms) = postSolution
		{9565D728-60D4-47D9-A80E-0394969AED33}.Debug|Any CPU.ActiveCfg = Debug|Any CPU
		{9565D728-60D4-47D9-A80E-0394969AED33}.Debug|Any CPU.Build.0 = Debug|Any CPU
		{9565D728-60D4-47D9-A80E-0394969AED33}.Debug|Any CPU.Deploy.0 = Debug|Any CPU
		{9565D728-60D4-47D9-A80E-0394969AED33}.Release|Any CPU.ActiveCfg = Release|Any CPU
		{9565D728-60D4-47D9-A80E-0394969AED33}.Release|Any CPU.Build.0 = Release|Any CPU
		{9565D728-60D4-47D9-A80E-0394969AED33}.Release|Any CPU.Deploy.0 = Release|Any CPU
	EndGlobalSection
	GlobalSection(SolutionProperties) = preSolution
		HideSolutionNode = FALSE
	EndGlobalSection
	GlobalSection(ExtensibilityGlobals) = postSolution
		SolutionGuid = {A4494BE8-8054-4F4F-8AA5-F7380C316A5C}
	EndGlobalSection
EndGlobal
